
Microsoft Visual Studio Solution File, Format Version 12.00
# Visual Studio Version 16
VisualStudioVersion = 16.0.31729.503
MinimumVisualStudioVersion = 10.0.40219.1
Project("{FAE04EC0-301F-11D3-BF4B-00C04F79EFBC}") = "100DerseCore", "100DerseCore\100DerseCore.csproj", "{CE5D5D7A-8E98-4F9C-8C36-6BA92BAF97C0}"
EndProject
Global
	GlobalSection(SolutionConfigurationPlatforms) = preSolution
		Debug|Any CPU = Debug|Any CPU
		Release|Any CPU = Release|Any CPU
	EndGlobalSection
	GlobalSection(ProjectConfigurationPlatforms) = postSolution
		{CE5D5D7A-8E98-4F9C-8C36-6BA92BAF97C0}.Debug|Any CPU.ActiveCfg = Debug|Any CPU
		{CE5D5D7A-8E98-4F9C-8C36-6BA92BAF97C0}.Debug|Any CPU.Build.0 = Debug|Any CPU
		{CE5D5D7A-8E98-4F9C-8C36-6BA92BAF97C0}.Release|Any CPU.ActiveCfg = Release|Any CPU
		{CE5D5D7A-8E98-4F9C-8C36-6BA92BAF97C0}.Release|Any CPU.Build.0 = Release|Any CPU
	EndGlobalSection
	GlobalSection(SolutionProperties) = preSolution
		HideSolutionNode = FALSE
	EndGlobalSection
	GlobalSection(ExtensibilityGlobals) = postSolution
		SolutionGuid = {E52BCF4C-2115-4097-A161-28BE8155C224}
	EndGlobalSection
EndGlobal
